// !$*UTF8*$!
{
	archiveVersion = 1;
	classes = {
	};
	objectVersion = 46;
	objects = {

/* Begin PBXBuildFile section */
		0750D58E175C902900712323 /* UIKit.framework in Frameworks */ = {isa = PBXBuildFile; fileRef = 0750D58D175C902900712323 /* UIKit.framework */; };
		0750D590175C902900712323 /* Foundation.framework in Frameworks */ = {isa = PBXBuildFile; fileRef = 0750D58F175C902900712323 /* Foundation.framework */; };
		0750D5C9175C949900712323 /* podfile in Resources */ = {isa = PBXBuildFile; fileRef = 0750D5C8175C949900712323 /* podfile */; };
		07BF6DD717783BDE00C5A9AD /* BXAppDelegate.m in Sources */ = {isa = PBXBuildFile; fileRef = 07BF6DB617783BDE00C5A9AD /* BXAppDelegate.m */; };
		07BF6DD817783BDE00C5A9AD /* CategoryViewController.m in Sources */ = {isa = PBXBuildFile; fileRef = 07BF6DB917783BDE00C5A9AD /* CategoryViewController.m */; };
		07BF6DD917783BDE00C5A9AD /* CategoryViewController.xib in Resources */ = {isa = PBXBuildFile; fileRef = 07BF6DBA17783BDE00C5A9AD /* CategoryViewController.xib */; };
		07BF6DDA17783BDE00C5A9AD /* ListingViewController.m in Sources */ = {isa = PBXBuildFile; fileRef = 07BF6DBC17783BDE00C5A9AD /* ListingViewController.m */; };
		07BF6DDB17783BDE00C5A9AD /* ListingViewController.xib in Resources */ = {isa = PBXBuildFile; fileRef = 07BF6DBD17783BDE00C5A9AD /* ListingViewController.xib */; };
		07BF6DDC17783BDE00C5A9AD /* ViewadViewController.m in Sources */ = {isa = PBXBuildFile; fileRef = 07BF6DBF17783BDE00C5A9AD /* ViewadViewController.m */; };
		07BF6DDD17783BDE00C5A9AD /* ViewadViewController.xib in Resources */ = {isa = PBXBuildFile; fileRef = 07BF6DC017783BDE00C5A9AD /* ViewadViewController.xib */; };
		07BF6DDE17783BDE00C5A9AD /* 114.png in Resources */ = {isa = PBXBuildFile; fileRef = 07BF6DC217783BDE00C5A9AD /* 114.png */; };
		07BF6DDF17783BDE00C5A9AD /* Home_Body_Icon_cheliang@2x.png in Resources */ = {isa = PBXBuildFile; fileRef = 07BF6DC417783BDE00C5A9AD /* Home_Body_Icon_cheliang@2x.png */; };
		07BF6DE017783BDE00C5A9AD /* Home_Body_Icon_chongwuleimu@2x.png in Resources */ = {isa = PBXBuildFile; fileRef = 07BF6DC517783BDE00C5A9AD /* Home_Body_Icon_chongwuleimu@2x.png */; };
		07BF6DE117783BDE00C5A9AD /* Home_Body_Icon_ershou@2x.png in Resources */ = {isa = PBXBuildFile; fileRef = 07BF6DC617783BDE00C5A9AD /* Home_Body_Icon_ershou@2x.png */; };
		07BF6DE217783BDE00C5A9AD /* Home_Body_Icon_fang@2x.png in Resources */ = {isa = PBXBuildFile; fileRef = 07BF6DC717783BDE00C5A9AD /* Home_Body_Icon_fang@2x.png */; };
		07BF6DE317783BDE00C5A9AD /* Home_Body_Icon_fuwu@2x.png in Resources */ = {isa = PBXBuildFile; fileRef = 07BF6DC817783BDE00C5A9AD /* Home_Body_Icon_fuwu@2x.png */; };
		07BF6DE417783BDE00C5A9AD /* Home_Body_Icon_gongzuo@2x.png in Resources */ = {isa = PBXBuildFile; fileRef = 07BF6DC917783BDE00C5A9AD /* Home_Body_Icon_gongzuo@2x.png */; };
		07BF6DE517783BDE00C5A9AD /* Home_Body_Icon_huodong@2x.png in Resources */ = {isa = PBXBuildFile; fileRef = 07BF6DCA17783BDE00C5A9AD /* Home_Body_Icon_huodong@2x.png */; };
		07BF6DE617783BDE00C5A9AD /* Home_Body_Icon_jianzhi@2x.png in Resources */ = {isa = PBXBuildFile; fileRef = 07BF6DCB17783BDE00C5A9AD /* Home_Body_Icon_jianzhi@2x.png */; };
		07BF6DE717783BDE00C5A9AD /* Home_Body_Icon_jiaoyupeixun@2x.png in Resources */ = {isa = PBXBuildFile; fileRef = 07BF6DCC17783BDE00C5A9AD /* Home_Body_Icon_jiaoyupeixun@2x.png */; };
		07BF6DE817783BDE00C5A9AD /* Home_Body_Icon_qiuzhi@2x.png in Resources */ = {isa = PBXBuildFile; fileRef = 07BF6DCD17783BDE00C5A9AD /* Home_Body_Icon_qiuzhi@2x.png */; };
		07BF6DE917783BDE00C5A9AD /* Default-568h@2x.png in Resources */ = {isa = PBXBuildFile; fileRef = 07BF6DCE17783BDE00C5A9AD /* Default-568h@2x.png */; };
		07BF6DEA17783BDE00C5A9AD /* Default.png in Resources */ = {isa = PBXBuildFile; fileRef = 07BF6DCF17783BDE00C5A9AD /* Default.png */; };
		07BF6DEB17783BDE00C5A9AD /* Default@2x.png in Resources */ = {isa = PBXBuildFile; fileRef = 07BF6DD017783BDE00C5A9AD /* Default@2x.png */; };
		07BF6DEC17783BDE00C5A9AD /* InfoPlist.strings in Resources */ = {isa = PBXBuildFile; fileRef = 07BF6DD217783BDE00C5A9AD /* InfoPlist.strings */; };
		07BF6DED17783BDE00C5A9AD /* Hi-Baochuan-Info.plist in Resources */ = {isa = PBXBuildFile; fileRef = 07BF6DD417783BDE00C5A9AD /* Hi-Baochuan-Info.plist */; };
		07BF6DEE17783BDE00C5A9AD /* main.m in Sources */ = {isa = PBXBuildFile; fileRef = 07BF6DD617783BDE00C5A9AD /* main.m */; };
		07C4A744175DD13B00442D2B /* CoreLocation.framework in Frameworks */ = {isa = PBXBuildFile; fileRef = 07C4A743175DD13B00442D2B /* CoreLocation.framework */; };
		07C4A746175DD14800442D2B /* QuartzCore.framework in Frameworks */ = {isa = PBXBuildFile; fileRef = 07C4A745175DD14800442D2B /* QuartzCore.framework */; };
		07C4A747175DD18800442D2B /* CoreGraphics.framework in Frameworks */ = {isa = PBXBuildFile; fileRef = 0750D591175C902900712323 /* CoreGraphics.framework */; };
		07C4A74B175DD1B200442D2B /* ImageIO.framework in Frameworks */ = {isa = PBXBuildFile; fileRef = 07C4A74A175DD1B200442D2B /* ImageIO.framework */; };
		07C4A74D175DD1C300442D2B /* AddressBook.framework in Frameworks */ = {isa = PBXBuildFile; fileRef = 07C4A74C175DD1C300442D2B /* AddressBook.framework */; };
		07C4A74F175DD1C900442D2B /* MessageUI.framework in Frameworks */ = {isa = PBXBuildFile; fileRef = 07C4A74E175DD1C900442D2B /* MessageUI.framework */; };
		07C4A751175DD1DE00442D2B /* CFNetwork.framework in Frameworks */ = {isa = PBXBuildFile; fileRef = 07C4A750175DD1DE00442D2B /* CFNetwork.framework */; };
		07C4A753175DD1E800442D2B /* MapKit.framework in Frameworks */ = {isa = PBXBuildFile; fileRef = 07C4A752175DD1E800442D2B /* MapKit.framework */; };
		07C4A755175DD20900442D2B /* SystemConfiguration.framework in Frameworks */ = {isa = PBXBuildFile; fileRef = 07C4A754175DD20900442D2B /* SystemConfiguration.framework */; };
		07C4A757175DD23600442D2B /* MobileCoreServices.framework in Frameworks */ = {isa = PBXBuildFile; fileRef = 07C4A756175DD23600442D2B /* MobileCoreServices.framework */; };
		07C4A759175DD24500442D2B /* libz.dylib in Frameworks */ = {isa = PBXBuildFile; fileRef = 07C4A758175DD24500442D2B /* libz.dylib */; };
		07C4A75C175DD5AE00442D2B /* libBaochuan.a in Frameworks */ = {isa = PBXBuildFile; fileRef = 0750D5D2175C9AE400712323 /* libBaochuan.a */; };
		07C4A75E175DD65700442D2B /* BaochuanResources.bundle in Resources */ = {isa = PBXBuildFile; fileRef = 0750D5D4175C9AE400712323 /* BaochuanResources.bundle */; };
		8FFC444EA79C4941A269BEFE /* libPods-Hi-Baochuan.a in Frameworks */ = {isa = PBXBuildFile; fileRef = C5CAC62F333F4190A167A31D /* libPods-Hi-Baochuan.a */; };
/* End PBXBuildFile section */

/* Begin PBXContainerItemProxy section */
		0750D5D1175C9AE400712323 /* PBXContainerItemProxy */ = {
			isa = PBXContainerItemProxy;
			containerPortal = 0750D5CA175C9AE400712323 /* Baochuan.xcodeproj */;
			proxyType = 2;
			remoteGlobalIDString = A333163C1708D85400E9E199;
			remoteInfo = Baochuan;
		};
		0750D5D3175C9AE400712323 /* PBXContainerItemProxy */ = {
			isa = PBXContainerItemProxy;
			containerPortal = 0750D5CA175C9AE400712323 /* Baochuan.xcodeproj */;
			proxyType = 2;
			remoteGlobalIDString = 0D51705A171D014F007DAA74;
			remoteInfo = BaochuanResources;
		};
		0750D5D5175C9AE400712323 /* PBXContainerItemProxy */ = {
			isa = PBXContainerItemProxy;
			containerPortal = 0750D5CA175C9AE400712323 /* Baochuan.xcodeproj */;
			proxyType = 2;
			remoteGlobalIDString = 0D47D9D31737A35200D5D900;
			remoteInfo = BCUnitTarget;
		};
		0750D5D7175C9AE400712323 /* PBXContainerItemProxy */ = {
			isa = PBXContainerItemProxy;
			containerPortal = 0750D5CA175C9AE400712323 /* Baochuan.xcodeproj */;
			proxyType = 2;
			remoteGlobalIDString = 0D47D9EE1737A35200D5D900;
			remoteInfo = BCUnitTargetTests;
		};
		0750D5D9175C9AF400712323 /* PBXContainerItemProxy */ = {
			isa = PBXContainerItemProxy;
			containerPortal = 0750D5CA175C9AE400712323 /* Baochuan.xcodeproj */;
			proxyType = 1;
			remoteGlobalIDString = A333163B1708D85400E9E199;
			remoteInfo = Baochuan;
		};
		07C4A73E175DCF9100442D2B /* PBXContainerItemProxy */ = {
			isa = PBXContainerItemProxy;
			containerPortal = 0750D5CA175C9AE400712323 /* Baochuan.xcodeproj */;
			proxyType = 1;
			remoteGlobalIDString = 0D517059171D014F007DAA74;
			remoteInfo = BaochuanResources;
		};
/* End PBXContainerItemProxy section */

/* Begin PBXFileReference section */
		0750D58A175C902900712323 /* Hi-Baochuan.app */ = {isa = PBXFileReference; explicitFileType = wrapper.application; includeInIndex = 0; path = "Hi-Baochuan.app"; sourceTree = BUILT_PRODUCTS_DIR; };
		0750D58D175C902900712323 /* UIKit.framework */ = {isa = PBXFileReference; lastKnownFileType = wrapper.framework; name = UIKit.framework; path = System/Library/Frameworks/UIKit.framework; sourceTree = SDKROOT; };
		0750D58F175C902900712323 /* Foundation.framework */ = {isa = PBXFileReference; lastKnownFileType = wrapper.framework; name = Foundation.framework; path = System/Library/Frameworks/Foundation.framework; sourceTree = SDKROOT; };
		0750D591175C902900712323 /* CoreGraphics.framework */ = {isa = PBXFileReference; lastKnownFileType = wrapper.framework; name = CoreGraphics.framework; path = System/Library/Frameworks/CoreGraphics.framework; sourceTree = SDKROOT; };
		0750D5B1175C902A00712323 /* SenTestingKit.framework */ = {isa = PBXFileReference; lastKnownFileType = wrapper.framework; name = SenTestingKit.framework; path = Library/Frameworks/SenTestingKit.framework; sourceTree = DEVELOPER_DIR; };
		0750D5C8175C949900712323 /* podfile */ = {isa = PBXFileReference; fileEncoding = 4; lastKnownFileType = text; path = podfile; sourceTree = "<group>"; xcLanguageSpecificationIdentifier = xcode.lang.ruby; };
		0750D5CA175C9AE400712323 /* Baochuan.xcodeproj */ = {isa = PBXFileReference; lastKnownFileType = "wrapper.pb-project"; name = Baochuan.xcodeproj; path = baochuan/Source/Baochuan.xcodeproj; sourceTree = "<group>"; };
		07BF6DB517783BDE00C5A9AD /* BXAppDelegate.h */ = {isa = PBXFileReference; fileEncoding = 4; lastKnownFileType = sourcecode.c.h; path = BXAppDelegate.h; sourceTree = "<group>"; };
		07BF6DB617783BDE00C5A9AD /* BXAppDelegate.m */ = {isa = PBXFileReference; fileEncoding = 4; lastKnownFileType = sourcecode.c.objc; path = BXAppDelegate.m; sourceTree = "<group>"; };
		07BF6DB817783BDE00C5A9AD /* CategoryViewController.h */ = {isa = PBXFileReference; fileEncoding = 4; lastKnownFileType = sourcecode.c.h; path = CategoryViewController.h; sourceTree = "<group>"; };
		07BF6DB917783BDE00C5A9AD /* CategoryViewController.m */ = {isa = PBXFileReference; fileEncoding = 4; lastKnownFileType = sourcecode.c.objc; path = CategoryViewController.m; sourceTree = "<group>"; };
		07BF6DBA17783BDE00C5A9AD /* CategoryViewController.xib */ = {isa = PBXFileReference; fileEncoding = 4; lastKnownFileType = file.xib; path = CategoryViewController.xib; sourceTree = "<group>"; };
		07BF6DBB17783BDE00C5A9AD /* ListingViewController.h */ = {isa = PBXFileReference; fileEncoding = 4; lastKnownFileType = sourcecode.c.h; path = ListingViewController.h; sourceTree = "<group>"; };
		07BF6DBC17783BDE00C5A9AD /* ListingViewController.m */ = {isa = PBXFileReference; fileEncoding = 4; lastKnownFileType = sourcecode.c.objc; path = ListingViewController.m; sourceTree = "<group>"; };
		07BF6DBD17783BDE00C5A9AD /* ListingViewController.xib */ = {isa = PBXFileReference; fileEncoding = 4; lastKnownFileType = file.xib; path = ListingViewController.xib; sourceTree = "<group>"; };
		07BF6DBE17783BDE00C5A9AD /* ViewadViewController.h */ = {isa = PBXFileReference; fileEncoding = 4; lastKnownFileType = sourcecode.c.h; path = ViewadViewController.h; sourceTree = "<group>"; };
		07BF6DBF17783BDE00C5A9AD /* ViewadViewController.m */ = {isa = PBXFileReference; fileEncoding = 4; lastKnownFileType = sourcecode.c.objc; path = ViewadViewController.m; sourceTree = "<group>"; };
		07BF6DC017783BDE00C5A9AD /* ViewadViewController.xib */ = {isa = PBXFileReference; fileEncoding = 4; lastKnownFileType = file.xib; path = ViewadViewController.xib; sourceTree = "<group>"; };
		07BF6DC217783BDE00C5A9AD /* 114.png */ = {isa = PBXFileReference; lastKnownFileType = image.png; path = 114.png; sourceTree = "<group>"; };
		07BF6DC417783BDE00C5A9AD /* Home_Body_Icon_cheliang@2x.png */ = {isa = PBXFileReference; lastKnownFileType = image.png; path = "Home_Body_Icon_cheliang@2x.png"; sourceTree = "<group>"; };
		07BF6DC517783BDE00C5A9AD /* Home_Body_Icon_chongwuleimu@2x.png */ = {isa = PBXFileReference; lastKnownFileType = image.png; path = "Home_Body_Icon_chongwuleimu@2x.png"; sourceTree = "<group>"; };
		07BF6DC617783BDE00C5A9AD /* Home_Body_Icon_ershou@2x.png */ = {isa = PBXFileReference; lastKnownFileType = image.png; path = "Home_Body_Icon_ershou@2x.png"; sourceTree = "<group>"; };
		07BF6DC717783BDE00C5A9AD /* Home_Body_Icon_fang@2x.png */ = {isa = PBXFileReference; lastKnownFileType = image.png; path = "Home_Body_Icon_fang@2x.png"; sourceTree = "<group>"; };
		07BF6DC817783BDE00C5A9AD /* Home_Body_Icon_fuwu@2x.png */ = {isa = PBXFileReference; lastKnownFileType = image.png; path = "Home_Body_Icon_fuwu@2x.png"; sourceTree = "<group>"; };
		07BF6DC917783BDE00C5A9AD /* Home_Body_Icon_gongzuo@2x.png */ = {isa = PBXFileReference; lastKnownFileType = image.png; path = "Home_Body_Icon_gongzuo@2x.png"; sourceTree = "<group>"; };
		07BF6DCA17783BDE00C5A9AD /* Home_Body_Icon_huodong@2x.png */ = {isa = PBXFileReference; lastKnownFileType = image.png; path = "Home_Body_Icon_huodong@2x.png"; sourceTree = "<group>"; };
		07BF6DCB17783BDE00C5A9AD /* Home_Body_Icon_jianzhi@2x.png */ = {isa = PBXFileReference; lastKnownFileType = image.png; path = "Home_Body_Icon_jianzhi@2x.png"; sourceTree = "<group>"; };
		07BF6DCC17783BDE00C5A9AD /* Home_Body_Icon_jiaoyupeixun@2x.png */ = {isa = PBXFileReference; lastKnownFileType = image.png; path = "Home_Body_Icon_jiaoyupeixun@2x.png"; sourceTree = "<group>"; };
		07BF6DCD17783BDE00C5A9AD /* Home_Body_Icon_qiuzhi@2x.png */ = {isa = PBXFileReference; lastKnownFileType = image.png; path = "Home_Body_Icon_qiuzhi@2x.png"; sourceTree = "<group>"; };
		07BF6DCE17783BDE00C5A9AD /* Default-568h@2x.png */ = {isa = PBXFileReference; lastKnownFileType = image.png; path = "Default-568h@2x.png"; sourceTree = "<group>"; };
		07BF6DCF17783BDE00C5A9AD /* Default.png */ = {isa = PBXFileReference; lastKnownFileType = image.png; path = Default.png; sourceTree = "<group>"; };
		07BF6DD017783BDE00C5A9AD /* Default@2x.png */ = {isa = PBXFileReference; lastKnownFileType = image.png; path = "Default@2x.png"; sourceTree = "<group>"; };
		07BF6DD317783BDE00C5A9AD /* en */ = {isa = PBXFileReference; lastKnownFileType = text.plist.strings; name = en; path = en.lproj/InfoPlist.strings; sourceTree = "<group>"; };
		07BF6DD417783BDE00C5A9AD /* Hi-Baochuan-Info.plist */ = {isa = PBXFileReference; fileEncoding = 4; lastKnownFileType = text.plist.xml; path = "Hi-Baochuan-Info.plist"; sourceTree = "<group>"; };
		07BF6DD517783BDE00C5A9AD /* Hi-Baochuan-Prefix.pch */ = {isa = PBXFileReference; fileEncoding = 4; lastKnownFileType = sourcecode.c.h; path = "Hi-Baochuan-Prefix.pch"; sourceTree = "<group>"; };
		07BF6DD617783BDE00C5A9AD /* main.m */ = {isa = PBXFileReference; fileEncoding = 4; lastKnownFileType = sourcecode.c.objc; path = main.m; sourceTree = "<group>"; };
		07C4A73A175DCD8800442D2B /* libPods-Baochuan.a */ = {isa = PBXFileReference; lastKnownFileType = archive.ar; name = "libPods-Baochuan.a"; path = "Pods/build/Release-iphoneos/libPods-Baochuan.a"; sourceTree = "<group>"; };
		07C4A743175DD13B00442D2B /* CoreLocation.framework */ = {isa = PBXFileReference; lastKnownFileType = wrapper.framework; name = CoreLocation.framework; path = System/Library/Frameworks/CoreLocation.framework; sourceTree = SDKROOT; };
		07C4A745175DD14800442D2B /* QuartzCore.framework */ = {isa = PBXFileReference; lastKnownFileType = wrapper.framework; name = QuartzCore.framework; path = System/Library/Frameworks/QuartzCore.framework; sourceTree = SDKROOT; };
		07C4A748175DD19200442D2B /* CoreImage.framework */ = {isa = PBXFileReference; lastKnownFileType = wrapper.framework; name = CoreImage.framework; path = System/Library/Frameworks/CoreImage.framework; sourceTree = SDKROOT; };
		07C4A74A175DD1B200442D2B /* ImageIO.framework */ = {isa = PBXFileReference; lastKnownFileType = wrapper.framework; name = ImageIO.framework; path = System/Library/Frameworks/ImageIO.framework; sourceTree = SDKROOT; };
		07C4A74C175DD1C300442D2B /* AddressBook.framework */ = {isa = PBXFileReference; lastKnownFileType = wrapper.framework; name = AddressBook.framework; path = System/Library/Frameworks/AddressBook.framework; sourceTree = SDKROOT; };
		07C4A74E175DD1C900442D2B /* MessageUI.framework */ = {isa = PBXFileReference; lastKnownFileType = wrapper.framework; name = MessageUI.framework; path = System/Library/Frameworks/MessageUI.framework; sourceTree = SDKROOT; };
		07C4A750175DD1DE00442D2B /* CFNetwork.framework */ = {isa = PBXFileReference; lastKnownFileType = wrapper.framework; name = CFNetwork.framework; path = System/Library/Frameworks/CFNetwork.framework; sourceTree = SDKROOT; };
		07C4A752175DD1E800442D2B /* MapKit.framework */ = {isa = PBXFileReference; lastKnownFileType = wrapper.framework; name = MapKit.framework; path = System/Library/Frameworks/MapKit.framework; sourceTree = SDKROOT; };
		07C4A754175DD20900442D2B /* SystemConfiguration.framework */ = {isa = PBXFileReference; lastKnownFileType = wrapper.framework; name = SystemConfiguration.framework; path = System/Library/Frameworks/SystemConfiguration.framework; sourceTree = SDKROOT; };
		07C4A756175DD23600442D2B /* MobileCoreServices.framework */ = {isa = PBXFileReference; lastKnownFileType = wrapper.framework; name = MobileCoreServices.framework; path = System/Library/Frameworks/MobileCoreServices.framework; sourceTree = SDKROOT; };
		07C4A758175DD24500442D2B /* libz.dylib */ = {isa = PBXFileReference; lastKnownFileType = "compiled.mach-o.dylib"; name = libz.dylib; path = usr/lib/libz.dylib; sourceTree = SDKROOT; };
		95E9B0EA2F4E49309B0B675D /* Pods-Hi-Baochuan.xcconfig */ = {isa = PBXFileReference; includeInIndex = 1; lastKnownFileType = text.xcconfig; name = "Pods-Hi-Baochuan.xcconfig"; path = "Pods/Pods-Hi-Baochuan.xcconfig"; sourceTree = SOURCE_ROOT; };
		C5CAC62F333F4190A167A31D /* libPods-Hi-Baochuan.a */ = {isa = PBXFileReference; explicitFileType = archive.ar; includeInIndex = 0; path = "libPods-Hi-Baochuan.a"; sourceTree = BUILT_PRODUCTS_DIR; };
		EA2D5A5B0D92402BAA963B61 /* libPods-mini-baixing.a */ = {isa = PBXFileReference; explicitFileType = archive.ar; includeInIndex = 0; path = "libPods-mini-baixing.a"; sourceTree = BUILT_PRODUCTS_DIR; };
/* End PBXFileReference section */

/* Begin PBXFrameworksBuildPhase section */
		0750D587175C902900712323 /* Frameworks */ = {
			isa = PBXFrameworksBuildPhase;
			buildActionMask = 2147483647;
			files = (
				07C4A75C175DD5AE00442D2B /* libBaochuan.a in Frameworks */,
				07C4A759175DD24500442D2B /* libz.dylib in Frameworks */,
				07C4A757175DD23600442D2B /* MobileCoreServices.framework in Frameworks */,
				07C4A755175DD20900442D2B /* SystemConfiguration.framework in Frameworks */,
				07C4A753175DD1E800442D2B /* MapKit.framework in Frameworks */,
				07C4A751175DD1DE00442D2B /* CFNetwork.framework in Frameworks */,
				07C4A744175DD13B00442D2B /* CoreLocation.framework in Frameworks */,
				07C4A74F175DD1C900442D2B /* MessageUI.framework in Frameworks */,
				07C4A74D175DD1C300442D2B /* AddressBook.framework in Frameworks */,
				07C4A74B175DD1B200442D2B /* ImageIO.framework in Frameworks */,
				07C4A747175DD18800442D2B /* CoreGraphics.framework in Frameworks */,
				07C4A746175DD14800442D2B /* QuartzCore.framework in Frameworks */,
				0750D58E175C902900712323 /* UIKit.framework in Frameworks */,
				0750D590175C902900712323 /* Foundation.framework in Frameworks */,
				8FFC444EA79C4941A269BEFE /* libPods-Hi-Baochuan.a in Frameworks */,
			);
			runOnlyForDeploymentPostprocessing = 0;
		};
/* End PBXFrameworksBuildPhase section */

/* Begin PBXGroup section */
		0750D581175C902900712323 = {
			isa = PBXGroup;
			children = (
				0750D5CA175C9AE400712323 /* Baochuan.xcodeproj */,
				0750D5C8175C949900712323 /* podfile */,
				07BF6DB417783BDE00C5A9AD /* hi-baochuan */,
				0750D58C175C902900712323 /* Frameworks */,
				0750D58B175C902900712323 /* Products */,
				95E9B0EA2F4E49309B0B675D /* Pods-Hi-Baochuan.xcconfig */,
			);
			sourceTree = "<group>";
		};
		0750D58B175C902900712323 /* Products */ = {
			isa = PBXGroup;
			children = (
				0750D58A175C902900712323 /* Hi-Baochuan.app */,
			);
			name = Products;
			sourceTree = "<group>";
		};
		0750D58C175C902900712323 /* Frameworks */ = {
			isa = PBXGroup;
			children = (
				07C4A758175DD24500442D2B /* libz.dylib */,
				07C4A756175DD23600442D2B /* MobileCoreServices.framework */,
				07C4A754175DD20900442D2B /* SystemConfiguration.framework */,
				07C4A752175DD1E800442D2B /* MapKit.framework */,
				07C4A750175DD1DE00442D2B /* CFNetwork.framework */,
				07C4A74E175DD1C900442D2B /* MessageUI.framework */,
				07C4A74C175DD1C300442D2B /* AddressBook.framework */,
				07C4A74A175DD1B200442D2B /* ImageIO.framework */,
				07C4A748175DD19200442D2B /* CoreImage.framework */,
				07C4A745175DD14800442D2B /* QuartzCore.framework */,
				07C4A743175DD13B00442D2B /* CoreLocation.framework */,
				0750D58D175C902900712323 /* UIKit.framework */,
				0750D58F175C902900712323 /* Foundation.framework */,
				0750D591175C902900712323 /* CoreGraphics.framework */,
				0750D5B1175C902A00712323 /* SenTestingKit.framework */,
				EA2D5A5B0D92402BAA963B61 /* libPods-mini-baixing.a */,
				07C4A73A175DCD8800442D2B /* libPods-Baochuan.a */,
				C5CAC62F333F4190A167A31D /* libPods-Hi-Baochuan.a */,
			);
			name = Frameworks;
			sourceTree = "<group>";
		};
		0750D5CB175C9AE400712323 /* Products */ = {
			isa = PBXGroup;
			children = (
				0750D5D2175C9AE400712323 /* libBaochuan.a */,
				0750D5D4175C9AE400712323 /* BaochuanResources.bundle */,
				0750D5D6175C9AE400712323 /* BCUnitTarget.app */,
				0750D5D8175C9AE400712323 /* BCUnitTargetTests.octest */,
			);
			name = Products;
			sourceTree = "<group>";
		};
		07BF6DB417783BDE00C5A9AD /* hi-baochuan */ = {
			isa = PBXGroup;
			children = (
				07BF6DB517783BDE00C5A9AD /* BXAppDelegate.h */,
				07BF6DB617783BDE00C5A9AD /* BXAppDelegate.m */,
				07BF6DB717783BDE00C5A9AD /* Controller */,
				07BF6DC117783BDE00C5A9AD /* Resources */,
				07BF6DD117783BDE00C5A9AD /* Supporting Files */,
			);
			path = "hi-baochuan";
			sourceTree = "<group>";
		};
		07BF6DB717783BDE00C5A9AD /* Controller */ = {
			isa = PBXGroup;
			children = (
				07BF6DB817783BDE00C5A9AD /* CategoryViewController.h */,
				07BF6DB917783BDE00C5A9AD /* CategoryViewController.m */,
				07BF6DBA17783BDE00C5A9AD /* CategoryViewController.xib */,
				07BF6DBB17783BDE00C5A9AD /* ListingViewController.h */,
				07BF6DBC17783BDE00C5A9AD /* ListingViewController.m */,
				07BF6DBD17783BDE00C5A9AD /* ListingViewController.xib */,
				07BF6DBE17783BDE00C5A9AD /* ViewadViewController.h */,
				07BF6DBF17783BDE00C5A9AD /* ViewadViewController.m */,
				07BF6DC017783BDE00C5A9AD /* ViewadViewController.xib */,
			);
			path = Controller;
			sourceTree = "<group>";
		};
		07BF6DC117783BDE00C5A9AD /* Resources */ = {
			isa = PBXGroup;
			children = (
				07BF6DC217783BDE00C5A9AD /* 114.png */,
				07BF6DC317783BDE00C5A9AD /* category */,
				07BF6DCE17783BDE00C5A9AD /* Default-568h@2x.png */,
				07BF6DCF17783BDE00C5A9AD /* Default.png */,
				07BF6DD017783BDE00C5A9AD /* Default@2x.png */,
			);
			path = Resources;
			sourceTree = "<group>";
		};
		07BF6DC317783BDE00C5A9AD /* category */ = {
			isa = PBXGroup;
			children = (
				07BF6DC417783BDE00C5A9AD /* Home_Body_Icon_cheliang@2x.png */,
				07BF6DC517783BDE00C5A9AD /* Home_Body_Icon_chongwuleimu@2x.png */,
				07BF6DC617783BDE00C5A9AD /* Home_Body_Icon_ershou@2x.png */,
				07BF6DC717783BDE00C5A9AD /* Home_Body_Icon_fang@2x.png */,
				07BF6DC817783BDE00C5A9AD /* Home_Body_Icon_fuwu@2x.png */,
				07BF6DC917783BDE00C5A9AD /* Home_Body_Icon_gongzuo@2x.png */,
				07BF6DCA17783BDE00C5A9AD /* Home_Body_Icon_huodong@2x.png */,
				07BF6DCB17783BDE00C5A9AD /* Home_Body_Icon_jianzhi@2x.png */,
				07BF6DCC17783BDE00C5A9AD /* Home_Body_Icon_jiaoyupeixun@2x.png */,
				07BF6DCD17783BDE00C5A9AD /* Home_Body_Icon_qiuzhi@2x.png */,
			);
			path = category;
			sourceTree = "<group>";
		};
		07BF6DD117783BDE00C5A9AD /* Supporting Files */ = {
			isa = PBXGroup;
			children = (
				07BF6DD217783BDE00C5A9AD /* InfoPlist.strings */,
				07BF6DD417783BDE00C5A9AD /* Hi-Baochuan-Info.plist */,
				07BF6DD517783BDE00C5A9AD /* Hi-Baochuan-Prefix.pch */,
				07BF6DD617783BDE00C5A9AD /* main.m */,
			);
			path = "Supporting Files";
			sourceTree = "<group>";
		};
/* End PBXGroup section */

/* Begin PBXNativeTarget section */
		0750D589175C902900712323 /* Hi-Baochuan */ = {
			isa = PBXNativeTarget;
			buildConfigurationList = 0750D5C2175C902A00712323 /* Build configuration list for PBXNativeTarget "Hi-Baochuan" */;
			buildPhases = (
				2ECE79946F8447BAA2FC111C /* Check Pods Manifest.lock */,
				0E3E4E7B4F6947DE8565AC16 /* Check Pods Manifest.lock */,
				0750D586175C902900712323 /* Sources */,
				0750D587175C902900712323 /* Frameworks */,
				0750D588175C902900712323 /* Resources */,
				36B16758A0C74FA3A4100A73 /* Copy Pods Resources */,
				07F7AE0DCA4349A8B711B604 /* Copy Pods Resources */,
			);
			buildRules = (
			);
			dependencies = (
				07C4A73F175DCF9100442D2B /* PBXTargetDependency */,
				0750D5DA175C9AF400712323 /* PBXTargetDependency */,
			);
			name = "Hi-Baochuan";
			productName = "mini-baixing";
			productReference = 0750D58A175C902900712323 /* Hi-Baochuan.app */;
			productType = "com.apple.product-type.application";
		};
/* End PBXNativeTarget section */

/* Begin PBXProject section */
		0750D582175C902900712323 /* Project object */ = {
			isa = PBXProject;
			attributes = {
				CLASSPREFIX = BX;
				LastUpgradeCheck = 0460;
				ORGANIZATIONNAME = baixing.com;
			};
			buildConfigurationList = 0750D585175C902900712323 /* Build configuration list for PBXProject "Hi-Baochuan" */;
			compatibilityVersion = "Xcode 3.2";
			developmentRegion = English;
			hasScannedForEncodings = 0;
			knownRegions = (
				en,
			);
			mainGroup = 0750D581175C902900712323;
			productRefGroup = 0750D58B175C902900712323 /* Products */;
			projectDirPath = "";
			projectReferences = (
				{
					ProductGroup = 0750D5CB175C9AE400712323 /* Products */;
					ProjectRef = 0750D5CA175C9AE400712323 /* Baochuan.xcodeproj */;
				},
			);
			projectRoot = "";
			targets = (
				0750D589175C902900712323 /* Hi-Baochuan */,
			);
		};
/* End PBXProject section */

/* Begin PBXReferenceProxy section */
		0750D5D2175C9AE400712323 /* libBaochuan.a */ = {
			isa = PBXReferenceProxy;
			fileType = archive.ar;
			path = libBaochuan.a;
			remoteRef = 0750D5D1175C9AE400712323 /* PBXContainerItemProxy */;
			sourceTree = BUILT_PRODUCTS_DIR;
		};
		0750D5D4175C9AE400712323 /* BaochuanResources.bundle */ = {
			isa = PBXReferenceProxy;
			fileType = wrapper.cfbundle;
			path = BaochuanResources.bundle;
			remoteRef = 0750D5D3175C9AE400712323 /* PBXContainerItemProxy */;
			sourceTree = BUILT_PRODUCTS_DIR;
		};
		0750D5D6175C9AE400712323 /* BCUnitTarget.app */ = {
			isa = PBXReferenceProxy;
			fileType = wrapper.application;
			path = BCUnitTarget.app;
			remoteRef = 0750D5D5175C9AE400712323 /* PBXContainerItemProxy */;
			sourceTree = BUILT_PRODUCTS_DIR;
		};
		0750D5D8175C9AE400712323 /* BCUnitTargetTests.octest */ = {
			isa = PBXReferenceProxy;
			fileType = wrapper.cfbundle;
			path = BCUnitTargetTests.octest;
			remoteRef = 0750D5D7175C9AE400712323 /* PBXContainerItemProxy */;
			sourceTree = BUILT_PRODUCTS_DIR;
		};
/* End PBXReferenceProxy section */

/* Begin PBXResourcesBuildPhase section */
		0750D588175C902900712323 /* Resources */ = {
			isa = PBXResourcesBuildPhase;
			buildActionMask = 2147483647;
			files = (
				07C4A75E175DD65700442D2B /* BaochuanResources.bundle in Resources */,
				0750D5C9175C949900712323 /* podfile in Resources */,
				07BF6DD917783BDE00C5A9AD /* CategoryViewController.xib in Resources */,
				07BF6DDB17783BDE00C5A9AD /* ListingViewController.xib in Resources */,
				07BF6DDD17783BDE00C5A9AD /* ViewadViewController.xib in Resources */,
				07BF6DDE17783BDE00C5A9AD /* 114.png in Resources */,
				07BF6DDF17783BDE00C5A9AD /* Home_Body_Icon_cheliang@2x.png in Resources */,
				07BF6DE017783BDE00C5A9AD /* Home_Body_Icon_chongwuleimu@2x.png in Resources */,
				07BF6DE117783BDE00C5A9AD /* Home_Body_Icon_ershou@2x.png in Resources */,
				07BF6DE217783BDE00C5A9AD /* Home_Body_Icon_fang@2x.png in Resources */,
				07BF6DE317783BDE00C5A9AD /* Home_Body_Icon_fuwu@2x.png in Resources */,
				07BF6DE417783BDE00C5A9AD /* Home_Body_Icon_gongzuo@2x.png in Resources */,
				07BF6DE517783BDE00C5A9AD /* Home_Body_Icon_huodong@2x.png in Resources */,
				07BF6DE617783BDE00C5A9AD /* Home_Body_Icon_jianzhi@2x.png in Resources */,
				07BF6DE717783BDE00C5A9AD /* Home_Body_Icon_jiaoyupeixun@2x.png in Resources */,
				07BF6DE817783BDE00C5A9AD /* Home_Body_Icon_qiuzhi@2x.png in Resources */,
				07BF6DE917783BDE00C5A9AD /* Default-568h@2x.png in Resources */,
				07BF6DEA17783BDE00C5A9AD /* Default.png in Resources */,
				07BF6DEB17783BDE00C5A9AD /* Default@2x.png in Resources */,
				07BF6DEC17783BDE00C5A9AD /* InfoPlist.strings in Resources */,
				07BF6DED17783BDE00C5A9AD /* Hi-Baochuan-Info.plist in Resources */,
			);
			runOnlyForDeploymentPostprocessing = 0;
		};
/* End PBXResourcesBuildPhase section */

/* Begin PBXShellScriptBuildPhase section */
		07F7AE0DCA4349A8B711B604 /* Copy Pods Resources */ = {
			isa = PBXShellScriptBuildPhase;
			buildActionMask = 2147483647;
			files = (
			);
			inputPaths = (
			);
			name = "Copy Pods Resources";
			outputPaths = (
			);
			runOnlyForDeploymentPostprocessing = 0;
			shellPath = /bin/sh;
			shellScript = "\"${SRCROOT}/Pods/Pods-Hi-Baochuan-resources.sh\"\n";
		};
		0E3E4E7B4F6947DE8565AC16 /* Check Pods Manifest.lock */ = {
			isa = PBXShellScriptBuildPhase;
			buildActionMask = 2147483647;
			files = (
			);
			inputPaths = (
			);
			name = "Check Pods Manifest.lock";
			outputPaths = (
			);
			runOnlyForDeploymentPostprocessing = 0;
			shellPath = /bin/sh;
			shellScript = "diff \"${PODS_ROOT}/../Podfile.lock\" \"${PODS_ROOT}/Manifest.lock\" > /dev/null\nif [[ $? != 0 ]] ; then\n    cat << EOM\nerror: The sandbox is not in sync with the Podfile.lock. Run 'pod install' or update your CocoaPods installation.\nEOM\n    exit 1\nfi\n";
		};
		2ECE79946F8447BAA2FC111C /* Check Pods Manifest.lock */ = {
			isa = PBXShellScriptBuildPhase;
			buildActionMask = 2147483647;
			files = (
			);
			inputPaths = (
			);
			name = "Check Pods Manifest.lock";
			outputPaths = (
			);
			runOnlyForDeploymentPostprocessing = 0;
			shellPath = /bin/sh;
			shellScript = "diff \"${PODS_ROOT}/../Podfile.lock\" \"${PODS_ROOT}/Manifest.lock\" > /dev/null\nif [[ $? != 0 ]] ; then\n    cat << EOM\nerror: The sandbox is not in sync with the Podfile.lock. Run 'pod install' or update your CocoaPods installation.\nEOM\n    exit 1\nfi\n";
		};
		36B16758A0C74FA3A4100A73 /* Copy Pods Resources */ = {
			isa = PBXShellScriptBuildPhase;
			buildActionMask = 2147483647;
			files = (
			);
			inputPaths = (
			);
			name = "Copy Pods Resources";
			outputPaths = (
			);
			runOnlyForDeploymentPostprocessing = 0;
			shellPath = /bin/sh;
			shellScript = "\"${SRCROOT}/Pods/Pods-mini-baixing-resources.sh\"\n";
		};
/* End PBXShellScriptBuildPhase section */

/* Begin PBXSourcesBuildPhase section */
		0750D586175C902900712323 /* Sources */ = {
			isa = PBXSourcesBuildPhase;
			buildActionMask = 2147483647;
			files = (
				07BF6DD717783BDE00C5A9AD /* BXAppDelegate.m in Sources */,
				07BF6DD817783BDE00C5A9AD /* CategoryViewController.m in Sources */,
				07BF6DDA17783BDE00C5A9AD /* ListingViewController.m in Sources */,
				07BF6DDC17783BDE00C5A9AD /* ViewadViewController.m in Sources */,
				07BF6DEE17783BDE00C5A9AD /* main.m in Sources */,
			);
			runOnlyForDeploymentPostprocessing = 0;
		};
/* End PBXSourcesBuildPhase section */

/* Begin PBXTargetDependency section */
		0750D5DA175C9AF400712323 /* PBXTargetDependency */ = {
			isa = PBXTargetDependency;
			name = Baochuan;
			targetProxy = 0750D5D9175C9AF400712323 /* PBXContainerItemProxy */;
		};
		07C4A73F175DCF9100442D2B /* PBXTargetDependency */ = {
			isa = PBXTargetDependency;
			name = BaochuanResources;
			targetProxy = 07C4A73E175DCF9100442D2B /* PBXContainerItemProxy */;
		};
/* End PBXTargetDependency section */

/* Begin PBXVariantGroup section */
		07BF6DD217783BDE00C5A9AD /* InfoPlist.strings */ = {
			isa = PBXVariantGroup;
			children = (
				07BF6DD317783BDE00C5A9AD /* en */,
			);
			name = InfoPlist.strings;
			sourceTree = "<group>";
		};
/* End PBXVariantGroup section */

/* Begin XCBuildConfiguration section */
		0750D5C0175C902A00712323 /* Debug */ = {
			isa = XCBuildConfiguration;
			buildSettings = {
				ALWAYS_SEARCH_USER_PATHS = NO;
				CLANG_CXX_LANGUAGE_STANDARD = "gnu++0x";
				CLANG_CXX_LIBRARY = "libc++";
				CLANG_ENABLE_OBJC_ARC = YES;
				CLANG_WARN_CONSTANT_CONVERSION = YES;
				CLANG_WARN_EMPTY_BODY = YES;
				CLANG_WARN_ENUM_CONVERSION = YES;
				CLANG_WARN_INT_CONVERSION = YES;
				CLANG_WARN__DUPLICATE_METHOD_MATCH = YES;
				"CODE_SIGN_IDENTITY[sdk=iphoneos*]" = "iPhone Developer";
				COPY_PHASE_STRIP = NO;
				GCC_C_LANGUAGE_STANDARD = gnu99;
				GCC_DYNAMIC_NO_PIC = NO;
				GCC_OPTIMIZATION_LEVEL = 0;
				GCC_PREPROCESSOR_DEFINITIONS = (
					"DEBUG=1",
					"$(inherited)",
				);
				GCC_SYMBOLS_PRIVATE_EXTERN = NO;
				GCC_WARN_ABOUT_RETURN_TYPE = YES;
				GCC_WARN_UNINITIALIZED_AUTOS = YES;
				GCC_WARN_UNUSED_VARIABLE = YES;
				IPHONEOS_DEPLOYMENT_TARGET = 5.0;
				ONLY_ACTIVE_ARCH = YES;
				SDKROOT = iphoneos;
			};
			name = Debug;
		};
		0750D5C1175C902A00712323 /* Release */ = {
			isa = XCBuildConfiguration;
			buildSettings = {
				ALWAYS_SEARCH_USER_PATHS = NO;
				CLANG_CXX_LANGUAGE_STANDARD = "gnu++0x";
				CLANG_CXX_LIBRARY = "libc++";
				CLANG_ENABLE_OBJC_ARC = YES;
				CLANG_WARN_CONSTANT_CONVERSION = YES;
				CLANG_WARN_EMPTY_BODY = YES;
				CLANG_WARN_ENUM_CONVERSION = YES;
				CLANG_WARN_INT_CONVERSION = YES;
				CLANG_WARN__DUPLICATE_METHOD_MATCH = YES;
				"CODE_SIGN_IDENTITY[sdk=iphoneos*]" = "iPhone Developer";
				COPY_PHASE_STRIP = YES;
				GCC_C_LANGUAGE_STANDARD = gnu99;
				GCC_WARN_ABOUT_RETURN_TYPE = YES;
				GCC_WARN_UNINITIALIZED_AUTOS = YES;
				GCC_WARN_UNUSED_VARIABLE = YES;
				IPHONEOS_DEPLOYMENT_TARGET = 5.0;
				OTHER_CFLAGS = "-DNS_BLOCK_ASSERTIONS=1";
				SDKROOT = iphoneos;
				VALIDATE_PRODUCT = YES;
			};
			name = Release;
		};
		0750D5C3175C902A00712323 /* Debug */ = {
			isa = XCBuildConfiguration;
			baseConfigurationReference = 95E9B0EA2F4E49309B0B675D /* Pods-Hi-Baochuan.xcconfig */;
			buildSettings = {
				FRAMEWORK_SEARCH_PATHS = "";
				GCC_PRECOMPILE_PREFIX_HEADER = YES;
				GCC_PREFIX_HEADER = "hi-baochuan/Supporting Files/Hi-Baochuan-Prefix.pch";
				HEADER_SEARCH_PATHS = (
					"${PODS_HEADERS_SEARCH_PATHS}",
					"$(SRCROOT)/baochuan/**",
				);
				INFOPLIST_FILE = "hi-baochuan/Supporting Files/Hi-Baochuan-Info.plist";
				IPHONEOS_DEPLOYMENT_TARGET = 5.0;
				LIBRARY_SEARCH_PATHS = "";
				PRODUCT_NAME = "Hi-Baochuan";
				WRAPPER_EXTENSION = app;
			};
			name = Debug;
		};
		0750D5C4175C902A00712323 /* Release */ = {
			isa = XCBuildConfiguration;
			baseConfigurationReference = 95E9B0EA2F4E49309B0B675D /* Pods-Hi-Baochuan.xcconfig */;
			buildSettings = {
				FRAMEWORK_SEARCH_PATHS = "";
				GCC_PRECOMPILE_PREFIX_HEADER = YES;
				GCC_PREFIX_HEADER = "hi-baochuan/Supporting Files/Hi-Baochuan-Prefix.pch";
				HEADER_SEARCH_PATHS = (
					"${PODS_HEADERS_SEARCH_PATHS}",
					"$(SRCROOT)/baochuan/**",
				);
				INFOPLIST_FILE = "hi-baochuan/Supporting Files/Hi-Baochuan-Info.plist";
				IPHONEOS_DEPLOYMENT_TARGET = 5.0;
				LIBRARY_SEARCH_PATHS = "";
				PRODUCT_NAME = "Hi-Baochuan";
				WRAPPER_EXTENSION = app;
			};
			name = Release;
		};
/* End XCBuildConfiguration section */

/* Begin XCConfigurationList section */
		0750D585175C902900712323 /* Build configuration list for PBXProject "Hi-Baochuan" */ = {
			isa = XCConfigurationList;
			buildConfigurations = (
				0750D5C0175C902A00712323 /* Debug */,
				0750D5C1175C902A00712323 /* Release */,
			);
			defaultConfigurationIsVisible = 0;
			defaultConfigurationName = Release;
		};
		0750D5C2175C902A00712323 /* Build configuration list for PBXNativeTarget "Hi-Baochuan" */ = {
			isa = XCConfigurationList;
			buildConfigurations = (
				0750D5C3175C902A00712323 /* Debug */,
				0750D5C4175C902A00712323 /* Release */,
			);
			defaultConfigurationIsVisible = 0;
			defaultConfigurationName = Release;
		};
/* End XCConfigurationList section */
	};
	rootObject = 0750D582175C902900712323 /* Project object */;
}
